
Microsoft Visual Studio Solution File, Format Version 12.00
# Visual Studio 15
VisualStudioVersion = 15.0.27004.2009
MinimumVisualStudioVersion = 10.0.40219.1
Project("{9A19103F-16F7-4668-BE54-9A1E7A4F7556}") = "RockLib.DataProtection", "Rock.Core\DataProtection\RockLib.DataProtection.csproj", "{FD479944-7BB8-49FB-BBA9-351A2334AF8C}"
EndProject
Project("{9A19103F-16F7-4668-BE54-9A1E7A4F7556}") = "RockLib.DataProtection.Tests", "RockLib.DataProtection.Tests\RockLib.DataProtection.Tests.csproj", "{3AD569D7-F297-40B8-A40F-E3F7E494FCF4}"
EndProject
Global
	GlobalSection(SolutionConfigurationPlatforms) = preSolution
		Debug|Any CPU = Debug|Any CPU
		Release|Any CPU = Release|Any CPU
	EndGlobalSection
	GlobalSection(ProjectConfigurationPlatforms) = postSolution
		{FD479944-7BB8-49FB-BBA9-351A2334AF8C}.Debug|Any CPU.ActiveCfg = Debug|Any CPU
		{FD479944-7BB8-49FB-BBA9-351A2334AF8C}.Debug|Any CPU.Build.0 = Debug|Any CPU
		{FD479944-7BB8-49FB-BBA9-351A2334AF8C}.Release|Any CPU.ActiveCfg = Release|Any CPU
		{FD479944-7BB8-49FB-BBA9-351A2334AF8C}.Release|Any CPU.Build.0 = Release|Any CPU
		{3AD569D7-F297-40B8-A40F-E3F7E494FCF4}.Debug|Any CPU.ActiveCfg = Debug|Any CPU
		{3AD569D7-F297-40B8-A40F-E3F7E494FCF4}.Debug|Any CPU.Build.0 = Debug|Any CPU
		{3AD569D7-F297-40B8-A40F-E3F7E494FCF4}.Release|Any CPU.ActiveCfg = Release|Any CPU
		{3AD569D7-F297-40B8-A40F-E3F7E494FCF4}.Release|Any CPU.Build.0 = Release|Any CPU
	EndGlobalSection
	GlobalSection(SolutionProperties) = preSolution
		HideSolutionNode = FALSE
	EndGlobalSection
	GlobalSection(ExtensibilityGlobals) = postSolution
		SolutionGuid = {0D4A46B1-98C9-439C-8CFC-259835A5C569}
	EndGlobalSection
EndGlobal
