
Microsoft Visual Studio Solution File, Format Version 12.00
# Visual Studio 15
VisualStudioVersion = 15.0.27004.2009
MinimumVisualStudioVersion = 10.0.40219.1
Project("{9A19103F-16F7-4668-BE54-9A1E7A4F7556}") = "RockLib.UniversalMemberAccessor", "RockLib.UniversalMemberAccessor\RockLib.UniversalMemberAccessor.csproj", "{587A1310-2E6F-4C9B-9B8C-5F0C9A5F23E7}"
EndProject
Project("{D954291E-2A0B-460D-934E-DC6B0785DB48}") = "RockLib.UniversalMemberAccessor.UnitTests", "RockLib.UniversalMemberAccessor.UnitTests\RockLib.UniversalMemberAccessor.UnitTests.shproj", "{8A264BCF-9891-4E7D-9E1E-10BAC3E89F27}"
EndProject
Project("{9A19103F-16F7-4668-BE54-9A1E7A4F7556}") = "RockLib.UniversalMemberAccessor.UnitTests.net40", "RockLib.UniversalMemberAccessor.UnitTests\net40\RockLib.UniversalMemberAccessor.UnitTests.net40.csproj", "{02B7AC42-37B1-4EE2-9BCC-3F6D0A047449}"
EndProject
Project("{9A19103F-16F7-4668-BE54-9A1E7A4F7556}") = "RockLib.UniversalMemberAccessor.UnitTests.netcoreapp2.0", "RockLib.UniversalMemberAccessor.UnitTests\netcoreapp2.0\RockLib.UniversalMemberAccessor.UnitTests.netcoreapp2.0.csproj", "{E8D5530C-E4CC-4521-9473-0663B03D2DE7}"
EndProject
Global
	GlobalSection(SharedMSBuildProjectFiles) = preSolution
		RockLib.UniversalMemberAccessor.UnitTests\RockLib.UniversalMemberAccessor.UnitTests.projitems*{8a264bcf-9891-4e7d-9e1e-10bac3e89f27}*SharedItemsImports = 13
	EndGlobalSection
	GlobalSection(SolutionConfigurationPlatforms) = preSolution
		Debug|Any CPU = Debug|Any CPU
		Release|Any CPU = Release|Any CPU
	EndGlobalSection
	GlobalSection(ProjectConfigurationPlatforms) = postSolution
		{587A1310-2E6F-4C9B-9B8C-5F0C9A5F23E7}.Debug|Any CPU.ActiveCfg = Debug|Any CPU
		{587A1310-2E6F-4C9B-9B8C-5F0C9A5F23E7}.Debug|Any CPU.Build.0 = Debug|Any CPU
		{587A1310-2E6F-4C9B-9B8C-5F0C9A5F23E7}.Release|Any CPU.ActiveCfg = Release|Any CPU
		{587A1310-2E6F-4C9B-9B8C-5F0C9A5F23E7}.Release|Any CPU.Build.0 = Release|Any CPU
		{02B7AC42-37B1-4EE2-9BCC-3F6D0A047449}.Debug|Any CPU.ActiveCfg = Debug|Any CPU
		{02B7AC42-37B1-4EE2-9BCC-3F6D0A047449}.Debug|Any CPU.Build.0 = Debug|Any CPU
		{02B7AC42-37B1-4EE2-9BCC-3F6D0A047449}.Release|Any CPU.ActiveCfg = Release|Any CPU
		{02B7AC42-37B1-4EE2-9BCC-3F6D0A047449}.Release|Any CPU.Build.0 = Release|Any CPU
		{E8D5530C-E4CC-4521-9473-0663B03D2DE7}.Debug|Any CPU.ActiveCfg = Debug|Any CPU
		{E8D5530C-E4CC-4521-9473-0663B03D2DE7}.Debug|Any CPU.Build.0 = Debug|Any CPU
		{E8D5530C-E4CC-4521-9473-0663B03D2DE7}.Release|Any CPU.ActiveCfg = Release|Any CPU
		{E8D5530C-E4CC-4521-9473-0663B03D2DE7}.Release|Any CPU.Build.0 = Release|Any CPU
	EndGlobalSection
	GlobalSection(SolutionProperties) = preSolution
		HideSolutionNode = FALSE
	EndGlobalSection
	GlobalSection(ExtensibilityGlobals) = postSolution
		SolutionGuid = {7373B5DD-7658-4E15-BE01-1F21E5CFF7A8}
	EndGlobalSection
EndGlobal
