
Microsoft Visual Studio Solution File, Format Version 12.00
# Visual Studio 2013
VisualStudioVersion = 12.0.30110.0
MinimumVisualStudioVersion = 10.0.40219.1
Project("{FAE04EC0-301F-11D3-BF4B-00C04F79EFBC}") = "Rock.Core", "Rock.Core\Rock.Core.csproj", "{0FEB58CD-B15C-4CDC-83D6-7621C1DB98C7}"
EndProject
Project("{FAE04EC0-301F-11D3-BF4B-00C04F79EFBC}") = "Rock.Core.UnitTests", "Rock.Core.UnitTests\Rock.Core.UnitTests.csproj", "{6C71E326-E9B5-407E-889D-443311B0B22B}"
EndProject
Project("{FAE04EC0-301F-11D3-BF4B-00C04F79EFBC}") = "Rock.Core.IntegrationTests", "Rock.Core.IntegrationTests\Rock.Core.IntegrationTests.csproj", "{B189B018-183A-47B8-A410-BCD9482D62FC}"
EndProject
Project("{FAE04EC0-301F-11D3-BF4B-00C04F79EFBC}") = "Rock.Core.ModuleInitializer.UnitTestSupport", "Rock.Core.ModuleInitializer.UnitTestSupport\Rock.Core.ModuleInitializer.UnitTestSupport.csproj", "{34D6B6AD-5725-469C-AF77-EAB7DBE61666}"
EndProject
Project("{FAE04EC0-301F-11D3-BF4B-00C04F79EFBC}") = "SampleApplication", "SampleApplication\SampleApplication.csproj", "{21577CBE-8AE1-4188-B1E3-81D0700535D1}"
EndProject
Project("{FAE04EC0-301F-11D3-BF4B-00C04F79EFBC}") = "Rock.Core.Newtonsoft", "Rock.Core.Newtonsoft\Rock.Core.Newtonsoft.csproj", "{DD28538C-219D-4A61-ADE2-A813A7D5B5CE}"
EndProject
Project("{FAE04EC0-301F-11D3-BF4B-00C04F79EFBC}") = "Rock.Core.XSerializer", "Rock.Core.XSerializer\Rock.Core.XSerializer.csproj", "{E3687CEA-D344-4AE7-817E-DF337541687A}"
EndProject
Project("{2150E333-8FDC-42A3-9474-1A3956D46DE8}") = "Tests", "Tests", "{DC30A831-32A9-4629-BCEE-43490E5D3738}"
EndProject
Global
	GlobalSection(SolutionConfigurationPlatforms) = preSolution
		Debug|Any CPU = Debug|Any CPU
		Release|Any CPU = Release|Any CPU
	EndGlobalSection
	GlobalSection(ProjectConfigurationPlatforms) = postSolution
		{0FEB58CD-B15C-4CDC-83D6-7621C1DB98C7}.Debug|Any CPU.ActiveCfg = Debug|Any CPU
		{0FEB58CD-B15C-4CDC-83D6-7621C1DB98C7}.Debug|Any CPU.Build.0 = Debug|Any CPU
		{0FEB58CD-B15C-4CDC-83D6-7621C1DB98C7}.Release|Any CPU.ActiveCfg = Release|Any CPU
		{0FEB58CD-B15C-4CDC-83D6-7621C1DB98C7}.Release|Any CPU.Build.0 = Release|Any CPU
		{6C71E326-E9B5-407E-889D-443311B0B22B}.Debug|Any CPU.ActiveCfg = Debug|Any CPU
		{6C71E326-E9B5-407E-889D-443311B0B22B}.Debug|Any CPU.Build.0 = Debug|Any CPU
		{6C71E326-E9B5-407E-889D-443311B0B22B}.Release|Any CPU.ActiveCfg = Release|Any CPU
		{6C71E326-E9B5-407E-889D-443311B0B22B}.Release|Any CPU.Build.0 = Release|Any CPU
		{B189B018-183A-47B8-A410-BCD9482D62FC}.Debug|Any CPU.ActiveCfg = Debug|Any CPU
		{B189B018-183A-47B8-A410-BCD9482D62FC}.Debug|Any CPU.Build.0 = Debug|Any CPU
		{B189B018-183A-47B8-A410-BCD9482D62FC}.Release|Any CPU.ActiveCfg = Release|Any CPU
		{B189B018-183A-47B8-A410-BCD9482D62FC}.Release|Any CPU.Build.0 = Release|Any CPU
		{34D6B6AD-5725-469C-AF77-EAB7DBE61666}.Debug|Any CPU.ActiveCfg = Debug|Any CPU
		{34D6B6AD-5725-469C-AF77-EAB7DBE61666}.Debug|Any CPU.Build.0 = Debug|Any CPU
		{34D6B6AD-5725-469C-AF77-EAB7DBE61666}.Release|Any CPU.ActiveCfg = Release|Any CPU
		{34D6B6AD-5725-469C-AF77-EAB7DBE61666}.Release|Any CPU.Build.0 = Release|Any CPU
		{21577CBE-8AE1-4188-B1E3-81D0700535D1}.Debug|Any CPU.ActiveCfg = Debug|Any CPU
		{21577CBE-8AE1-4188-B1E3-81D0700535D1}.Debug|Any CPU.Build.0 = Debug|Any CPU
		{21577CBE-8AE1-4188-B1E3-81D0700535D1}.Release|Any CPU.ActiveCfg = Release|Any CPU
		{21577CBE-8AE1-4188-B1E3-81D0700535D1}.Release|Any CPU.Build.0 = Release|Any CPU
		{DD28538C-219D-4A61-ADE2-A813A7D5B5CE}.Debug|Any CPU.ActiveCfg = Debug|Any CPU
		{DD28538C-219D-4A61-ADE2-A813A7D5B5CE}.Debug|Any CPU.Build.0 = Debug|Any CPU
		{DD28538C-219D-4A61-ADE2-A813A7D5B5CE}.Release|Any CPU.ActiveCfg = Release|Any CPU
		{DD28538C-219D-4A61-ADE2-A813A7D5B5CE}.Release|Any CPU.Build.0 = Release|Any CPU
		{E3687CEA-D344-4AE7-817E-DF337541687A}.Debug|Any CPU.ActiveCfg = Debug|Any CPU
		{E3687CEA-D344-4AE7-817E-DF337541687A}.Debug|Any CPU.Build.0 = Debug|Any CPU
		{E3687CEA-D344-4AE7-817E-DF337541687A}.Release|Any CPU.ActiveCfg = Release|Any CPU
		{E3687CEA-D344-4AE7-817E-DF337541687A}.Release|Any CPU.Build.0 = Release|Any CPU
	EndGlobalSection
	GlobalSection(SolutionProperties) = preSolution
		HideSolutionNode = FALSE
	EndGlobalSection
	GlobalSection(NestedProjects) = preSolution
		{B189B018-183A-47B8-A410-BCD9482D62FC} = {DC30A831-32A9-4629-BCEE-43490E5D3738}
		{34D6B6AD-5725-469C-AF77-EAB7DBE61666} = {DC30A831-32A9-4629-BCEE-43490E5D3738}
		{6C71E326-E9B5-407E-889D-443311B0B22B} = {DC30A831-32A9-4629-BCEE-43490E5D3738}
		{21577CBE-8AE1-4188-B1E3-81D0700535D1} = {DC30A831-32A9-4629-BCEE-43490E5D3738}
	EndGlobalSection
EndGlobal
